// !$*UTF8*$!
{
	archiveVersion = 1;
	classes = {
	};
	objectVersion = 55;
	objects = {

/* Begin PBXBuildFile section */
		634E387227B01A890054F9C8 /* MainScreenPresenter.swift in Sources */ = {isa = PBXBuildFile; fileRef = 634E387127B01A890054F9C8 /* MainScreenPresenter.swift */; };
		634E387427B01A950054F9C8 /* MainScreenAssembly.swift in Sources */ = {isa = PBXBuildFile; fileRef = 634E387327B01A950054F9C8 /* MainScreenAssembly.swift */; };
		635ED0B627B2C83100B8F178 /* SnapKit in Frameworks */ = {isa = PBXBuildFile; productRef = 635ED0B527B2C83100B8F178 /* SnapKit */; };
		6374FA0527B7D22C002FDFBE /* NetworkManager.swift in Sources */ = {isa = PBXBuildFile; fileRef = 6374FA0427B7D22C002FDFBE /* NetworkManager.swift */; };
		6374FA0927B7D45D002FDFBE /* APIError.swift in Sources */ = {isa = PBXBuildFile; fileRef = 6374FA0827B7D45D002FDFBE /* APIError.swift */; };
		6374FA0C27B7DE38002FDFBE /* HTTPMethod.swift in Sources */ = {isa = PBXBuildFile; fileRef = 6374FA0B27B7DE38002FDFBE /* HTTPMethod.swift */; };
		6374FA0E27B7DECD002FDFBE /* EndPoint.swift in Sources */ = {isa = PBXBuildFile; fileRef = 6374FA0D27B7DECD002FDFBE /* EndPoint.swift */; };
		6374FA1427B7DF9A002FDFBE /* HomeGateway.swift in Sources */ = {isa = PBXBuildFile; fileRef = 6374FA1327B7DF9A002FDFBE /* HomeGateway.swift */; };
		6374FA1627B7EAD4002FDFBE /* HomeGatewayImp.swift in Sources */ = {isa = PBXBuildFile; fileRef = 6374FA1527B7EAD4002FDFBE /* HomeGatewayImp.swift */; };
		6374FA1827B7EC74002FDFBE /* GetFavouriteMoviesAndPoint.swift in Sources */ = {isa = PBXBuildFile; fileRef = 6374FA1727B7EC74002FDFBE /* GetFavouriteMoviesAndPoint.swift */; };
		63A8BDF427B2CDDF00EC0282 /* ScrollableMoviesTableViewCell.swift in Sources */ = {isa = PBXBuildFile; fileRef = 63A8BDF327B2CDDF00EC0282 /* ScrollableMoviesTableViewCell.swift */; };
		63A8BDF727B2CF8300EC0282 /* ScrollableMoviesCollectionViewCell.swift in Sources */ = {isa = PBXBuildFile; fileRef = 63A8BDF627B2CF8300EC0282 /* ScrollableMoviesCollectionViewCell.swift */; };
		63A8BDFA27B2F20200EC0282 /* Movie.swift in Sources */ = {isa = PBXBuildFile; fileRef = 63A8BDF927B2F20200EC0282 /* Movie.swift */; };
		63E87DC427B0147E00EE5B74 /* AppDelegate.swift in Sources */ = {isa = PBXBuildFile; fileRef = 63E87DC327B0147E00EE5B74 /* AppDelegate.swift */; };
		63E87DC627B0147E00EE5B74 /* SceneDelegate.swift in Sources */ = {isa = PBXBuildFile; fileRef = 63E87DC527B0147E00EE5B74 /* SceneDelegate.swift */; };
		63E87DC827B0147E00EE5B74 /* MainScreenViewController.swift in Sources */ = {isa = PBXBuildFile; fileRef = 63E87DC727B0147E00EE5B74 /* MainScreenViewController.swift */; };
		63E87DCD27B0147F00EE5B74 /* Assets.xcassets in Resources */ = {isa = PBXBuildFile; fileRef = 63E87DCC27B0147F00EE5B74 /* Assets.xcassets */; };
		63E87DD027B0147F00EE5B74 /* LaunchScreen.storyboard in Resources */ = {isa = PBXBuildFile; fileRef = 63E87DCE27B0147F00EE5B74 /* LaunchScreen.storyboard */; };
/* End PBXBuildFile section */

/* Begin PBXFileReference section */
		634E387127B01A890054F9C8 /* MainScreenPresenter.swift */ = {isa = PBXFileReference; lastKnownFileType = sourcecode.swift; path = MainScreenPresenter.swift; sourceTree = "<group>"; };
		634E387327B01A950054F9C8 /* MainScreenAssembly.swift */ = {isa = PBXFileReference; lastKnownFileType = sourcecode.swift; path = MainScreenAssembly.swift; sourceTree = "<group>"; };
		6374FA0427B7D22C002FDFBE /* NetworkManager.swift */ = {isa = PBXFileReference; lastKnownFileType = sourcecode.swift; path = NetworkManager.swift; sourceTree = "<group>"; };
		6374FA0827B7D45D002FDFBE /* APIError.swift */ = {isa = PBXFileReference; lastKnownFileType = sourcecode.swift; path = APIError.swift; sourceTree = "<group>"; };
		6374FA0B27B7DE38002FDFBE /* HTTPMethod.swift */ = {isa = PBXFileReference; lastKnownFileType = sourcecode.swift; path = HTTPMethod.swift; sourceTree = "<group>"; };
		6374FA0D27B7DECD002FDFBE /* EndPoint.swift */ = {isa = PBXFileReference; lastKnownFileType = sourcecode.swift; path = EndPoint.swift; sourceTree = "<group>"; };
		6374FA1327B7DF9A002FDFBE /* HomeGateway.swift */ = {isa = PBXFileReference; lastKnownFileType = sourcecode.swift; path = HomeGateway.swift; sourceTree = "<group>"; };
		6374FA1527B7EAD4002FDFBE /* HomeGatewayImp.swift */ = {isa = PBXFileReference; lastKnownFileType = sourcecode.swift; path = HomeGatewayImp.swift; sourceTree = "<group>"; };
		6374FA1727B7EC74002FDFBE /* GetFavouriteMoviesAndPoint.swift */ = {isa = PBXFileReference; lastKnownFileType = sourcecode.swift; path = GetFavouriteMoviesAndPoint.swift; sourceTree = "<group>"; };
		63A8BDF327B2CDDF00EC0282 /* ScrollableMoviesTableViewCell.swift */ = {isa = PBXFileReference; lastKnownFileType = sourcecode.swift; path = ScrollableMoviesTableViewCell.swift; sourceTree = "<group>"; };
		63A8BDF627B2CF8300EC0282 /* ScrollableMoviesCollectionViewCell.swift */ = {isa = PBXFileReference; lastKnownFileType = sourcecode.swift; path = ScrollableMoviesCollectionViewCell.swift; sourceTree = "<group>"; };
		63A8BDF927B2F20200EC0282 /* Movie.swift */ = {isa = PBXFileReference; lastKnownFileType = sourcecode.swift; path = Movie.swift; sourceTree = "<group>"; };
		63E87DC027B0147E00EE5B74 /* KodeTestApp.app */ = {isa = PBXFileReference; explicitFileType = wrapper.application; includeInIndex = 0; path = KodeTestApp.app; sourceTree = BUILT_PRODUCTS_DIR; };
		63E87DC327B0147E00EE5B74 /* AppDelegate.swift */ = {isa = PBXFileReference; lastKnownFileType = sourcecode.swift; path = AppDelegate.swift; sourceTree = "<group>"; };
		63E87DC527B0147E00EE5B74 /* SceneDelegate.swift */ = {isa = PBXFileReference; lastKnownFileType = sourcecode.swift; path = SceneDelegate.swift; sourceTree = "<group>"; };
		63E87DC727B0147E00EE5B74 /* MainScreenViewController.swift */ = {isa = PBXFileReference; lastKnownFileType = sourcecode.swift; path = MainScreenViewController.swift; sourceTree = "<group>"; };
		63E87DCC27B0147F00EE5B74 /* Assets.xcassets */ = {isa = PBXFileReference; lastKnownFileType = folder.assetcatalog; path = Assets.xcassets; sourceTree = "<group>"; };
		63E87DCF27B0147F00EE5B74 /* Base */ = {isa = PBXFileReference; lastKnownFileType = file.storyboard; name = Base; path = Base.lproj/LaunchScreen.storyboard; sourceTree = "<group>"; };
		63E87DD127B0147F00EE5B74 /* Info.plist */ = {isa = PBXFileReference; lastKnownFileType = text.plist.xml; path = Info.plist; sourceTree = "<group>"; };
/* End PBXFileReference section */

/* Begin PBXFrameworksBuildPhase section */
		63E87DBD27B0147E00EE5B74 /* Frameworks */ = {
			isa = PBXFrameworksBuildPhase;
			buildActionMask = 2147483647;
			files = (
				635ED0B627B2C83100B8F178 /* SnapKit in Frameworks */,
			);
			runOnlyForDeploymentPostprocessing = 0;
		};
/* End PBXFrameworksBuildPhase section */

/* Begin PBXGroup section */
		6374FA0327B7D210002FDFBE /* NetworkLayer */ = {
			isa = PBXGroup;
			children = (
				6374FA0727B7D448002FDFBE /* Manager */,
				6374FA0A27B7DE21002FDFBE /* Request  */,
				6374FA0F27B7DF19002FDFBE /* Gateway */,
				6374FA0627B7D43B002FDFBE /* ErrorHandling */,
			);
			path = NetworkLayer;
			sourceTree = "<group>";
		};
		6374FA0627B7D43B002FDFBE /* ErrorHandling */ = {
			isa = PBXGroup;
			children = (
				6374FA0827B7D45D002FDFBE /* APIError.swift */,
			);
			path = ErrorHandling;
			sourceTree = "<group>";
		};
		6374FA0727B7D448002FDFBE /* Manager */ = {
			isa = PBXGroup;
			children = (
				6374FA0427B7D22C002FDFBE /* NetworkManager.swift */,
			);
			path = Manager;
			sourceTree = "<group>";
		};
		6374FA0A27B7DE21002FDFBE /* Request  */ = {
			isa = PBXGroup;
			children = (
				6374FA0B27B7DE38002FDFBE /* HTTPMethod.swift */,
				6374FA0D27B7DECD002FDFBE /* EndPoint.swift */,
			);
			path = "Request ";
			sourceTree = "<group>";
		};
		6374FA0F27B7DF19002FDFBE /* Gateway */ = {
			isa = PBXGroup;
			children = (
				6374FA1027B7DF27002FDFBE /* Home */,
			);
			path = Gateway;
			sourceTree = "<group>";
		};
		6374FA1027B7DF27002FDFBE /* Home */ = {
			isa = PBXGroup;
			children = (
				6374FA1127B7DF2F002FDFBE /* Gateway */,
				6374FA1227B7DF36002FDFBE /* Endpoint */,
			);
			path = Home;
			sourceTree = "<group>";
		};
		6374FA1127B7DF2F002FDFBE /* Gateway */ = {
			isa = PBXGroup;
			children = (
				6374FA1327B7DF9A002FDFBE /* HomeGateway.swift */,
				6374FA1527B7EAD4002FDFBE /* HomeGatewayImp.swift */,
			);
			path = Gateway;
			sourceTree = "<group>";
		};
		6374FA1227B7DF36002FDFBE /* Endpoint */ = {
			isa = PBXGroup;
			children = (
				6374FA1727B7EC74002FDFBE /* GetFavouriteMoviesAndPoint.swift */,
			);
			path = Endpoint;
			sourceTree = "<group>";
		};
		63A8BDF127B2CD5100EC0282 /* UILayer */ = {
			isa = PBXGroup;
			children = (
				63A8BDF227B2CD6000EC0282 /* TableViewCells */,
			);
			path = UILayer;
			sourceTree = "<group>";
		};
		63A8BDF227B2CD6000EC0282 /* TableViewCells */ = {
			isa = PBXGroup;
			children = (
				63A8BDF327B2CDDF00EC0282 /* ScrollableMoviesTableViewCell.swift */,
				63A8BDF527B2CF4300EC0282 /* CollectionViewCells */,
			);
			path = TableViewCells;
			sourceTree = "<group>";
		};
		63A8BDF527B2CF4300EC0282 /* CollectionViewCells */ = {
			isa = PBXGroup;
			children = (
				63A8BDF627B2CF8300EC0282 /* ScrollableMoviesCollectionViewCell.swift */,
			);
			path = CollectionViewCells;
			sourceTree = "<group>";
		};
		63A8BDF827B2F1FA00EC0282 /* Models */ = {
			isa = PBXGroup;
			children = (
				63A8BDF927B2F20200EC0282 /* Movie.swift */,
			);
			path = Models;
			sourceTree = "<group>";
		};
		63E87DB727B0147E00EE5B74 = {
			isa = PBXGroup;
			children = (
				63E87DC227B0147E00EE5B74 /* KodeTestApp */,
				63E87DC127B0147E00EE5B74 /* Products */,
			);
			sourceTree = "<group>";
		};
		63E87DC127B0147E00EE5B74 /* Products */ = {
			isa = PBXGroup;
			children = (
				63E87DC027B0147E00EE5B74 /* KodeTestApp.app */,
			);
			name = Products;
			sourceTree = "<group>";
		};
		63E87DC227B0147E00EE5B74 /* KodeTestApp */ = {
			isa = PBXGroup;
			children = (
				63E87DC327B0147E00EE5B74 /* AppDelegate.swift */,
				63E87DC527B0147E00EE5B74 /* SceneDelegate.swift */,
				6374FA0327B7D210002FDFBE /* NetworkLayer */,
				63A8BDF827B2F1FA00EC0282 /* Models */,
				63A8BDF127B2CD5100EC0282 /* UILayer */,
				63E87DD927B0166200EE5B74 /* MainScreen */,
				63E87DD727B0161100EE5B74 /* SupportingFiles */,
				63E87DD827B0163A00EE5B74 /* StoryBoards */,
			);
			path = KodeTestApp;
			sourceTree = "<group>";
		};
		63E87DD727B0161100EE5B74 /* SupportingFiles */ = {
			isa = PBXGroup;
			children = (
				63E87DCC27B0147F00EE5B74 /* Assets.xcassets */,
				63E87DD127B0147F00EE5B74 /* Info.plist */,
			);
			path = SupportingFiles;
			sourceTree = "<group>";
		};
		63E87DD827B0163A00EE5B74 /* StoryBoards */ = {
			isa = PBXGroup;
			children = (
				63E87DCE27B0147F00EE5B74 /* LaunchScreen.storyboard */,
			);
			path = StoryBoards;
			sourceTree = "<group>";
		};
		63E87DD927B0166200EE5B74 /* MainScreen */ = {
			isa = PBXGroup;
			children = (
				634E387327B01A950054F9C8 /* MainScreenAssembly.swift */,
				634E387127B01A890054F9C8 /* MainScreenPresenter.swift */,
				63E87DC727B0147E00EE5B74 /* MainScreenViewController.swift */,
			);
			path = MainScreen;
			sourceTree = "<group>";
		};
/* End PBXGroup section */

/* Begin PBXNativeTarget section */
		63E87DBF27B0147E00EE5B74 /* KodeTestApp */ = {
			isa = PBXNativeTarget;
			buildConfigurationList = 63E87DD427B0147F00EE5B74 /* Build configuration list for PBXNativeTarget "KodeTestApp" */;
			buildPhases = (
				63E87DBC27B0147E00EE5B74 /* Sources */,
				63E87DBD27B0147E00EE5B74 /* Frameworks */,
				63E87DBE27B0147E00EE5B74 /* Resources */,
			);
			buildRules = (
			);
			dependencies = (
			);
			name = KodeTestApp;
			packageProductDependencies = (
				635ED0B527B2C83100B8F178 /* SnapKit */,
			);
			productName = KodeTestApp;
			productReference = 63E87DC027B0147E00EE5B74 /* KodeTestApp.app */;
			productType = "com.apple.product-type.application";
		};
/* End PBXNativeTarget section */

/* Begin PBXProject section */
		63E87DB827B0147E00EE5B74 /* Project object */ = {
			isa = PBXProject;
			attributes = {
				BuildIndependentTargetsInParallel = 1;
				LastSwiftUpdateCheck = 1320;
				LastUpgradeCheck = 1320;
				TargetAttributes = {
					63E87DBF27B0147E00EE5B74 = {
						CreatedOnToolsVersion = 13.2.1;
					};
				};
			};
			buildConfigurationList = 63E87DBB27B0147E00EE5B74 /* Build configuration list for PBXProject "KodeTestApp" */;
			compatibilityVersion = "Xcode 13.0";
			developmentRegion = en;
			hasScannedForEncodings = 0;
			knownRegions = (
				en,
				Base,
			);
			mainGroup = 63E87DB727B0147E00EE5B74;
			packageReferences = (
				635ED0B427B2C83100B8F178 /* XCRemoteSwiftPackageReference "SnapKit" */,
			);
			productRefGroup = 63E87DC127B0147E00EE5B74 /* Products */;
			projectDirPath = "";
			projectRoot = "";
			targets = (
				63E87DBF27B0147E00EE5B74 /* KodeTestApp */,
			);
		};
/* End PBXProject section */

/* Begin PBXResourcesBuildPhase section */
		63E87DBE27B0147E00EE5B74 /* Resources */ = {
			isa = PBXResourcesBuildPhase;
			buildActionMask = 2147483647;
			files = (
				63E87DD027B0147F00EE5B74 /* LaunchScreen.storyboard in Resources */,
				63E87DCD27B0147F00EE5B74 /* Assets.xcassets in Resources */,
			);
			runOnlyForDeploymentPostprocessing = 0;
		};
/* End PBXResourcesBuildPhase section */

/* Begin PBXSourcesBuildPhase section */
		63E87DBC27B0147E00EE5B74 /* Sources */ = {
			isa = PBXSourcesBuildPhase;
			buildActionMask = 2147483647;
			files = (
				6374FA0527B7D22C002FDFBE /* NetworkManager.swift in Sources */,
				63E87DC827B0147E00EE5B74 /* MainScreenViewController.swift in Sources */,
				6374FA1627B7EAD4002FDFBE /* HomeGatewayImp.swift in Sources */,
				63E87DC427B0147E00EE5B74 /* AppDelegate.swift in Sources */,
				6374FA0C27B7DE38002FDFBE /* HTTPMethod.swift in Sources */,
				6374FA0927B7D45D002FDFBE /* APIError.swift in Sources */,
				6374FA1427B7DF9A002FDFBE /* HomeGateway.swift in Sources */,
				634E387427B01A950054F9C8 /* MainScreenAssembly.swift in Sources */,
				6374FA0E27B7DECD002FDFBE /* EndPoint.swift in Sources */,
				6374FA1827B7EC74002FDFBE /* GetFavouriteMoviesAndPoint.swift in Sources */,
				63A8BDF727B2CF8300EC0282 /* ScrollableMoviesCollectionViewCell.swift in Sources */,
				63A8BDF427B2CDDF00EC0282 /* ScrollableMoviesTableViewCell.swift in Sources */,
				634E387227B01A890054F9C8 /* MainScreenPresenter.swift in Sources */,
				63A8BDFA27B2F20200EC0282 /* Movie.swift in Sources */,
				63E87DC627B0147E00EE5B74 /* SceneDelegate.swift in Sources */,
			);
			runOnlyForDeploymentPostprocessing = 0;
		};
/* End PBXSourcesBuildPhase section */

/* Begin PBXVariantGroup section */
		63E87DCE27B0147F00EE5B74 /* LaunchScreen.storyboard */ = {
			isa = PBXVariantGroup;
			children = (
				63E87DCF27B0147F00EE5B74 /* Base */,
			);
			name = LaunchScreen.storyboard;
			sourceTree = "<group>";
		};
/* End PBXVariantGroup section */

/* Begin XCBuildConfiguration section */
		63E87DD227B0147F00EE5B74 /* Debug */ = {
			isa = XCBuildConfiguration;
			buildSettings = {
				ALWAYS_SEARCH_USER_PATHS = NO;
				CLANG_ANALYZER_NONNULL = YES;
				CLANG_ANALYZER_NUMBER_OBJECT_CONVERSION = YES_AGGRESSIVE;
				CLANG_CXX_LANGUAGE_STANDARD = "gnu++17";
				CLANG_CXX_LIBRARY = "libc++";
				CLANG_ENABLE_MODULES = YES;
				CLANG_ENABLE_OBJC_ARC = YES;
				CLANG_ENABLE_OBJC_WEAK = YES;
				CLANG_WARN_BLOCK_CAPTURE_AUTORELEASING = YES;
				CLANG_WARN_BOOL_CONVERSION = YES;
				CLANG_WARN_COMMA = YES;
				CLANG_WARN_CONSTANT_CONVERSION = YES;
				CLANG_WARN_DEPRECATED_OBJC_IMPLEMENTATIONS = YES;
				CLANG_WARN_DIRECT_OBJC_ISA_USAGE = YES_ERROR;
				CLANG_WARN_DOCUMENTATION_COMMENTS = YES;
				CLANG_WARN_EMPTY_BODY = YES;
				CLANG_WARN_ENUM_CONVERSION = YES;
				CLANG_WARN_INFINITE_RECURSION = YES;
				CLANG_WARN_INT_CONVERSION = YES;
				CLANG_WARN_NON_LITERAL_NULL_CONVERSION = YES;
				CLANG_WARN_OBJC_IMPLICIT_RETAIN_SELF = YES;
				CLANG_WARN_OBJC_LITERAL_CONVERSION = YES;
				CLANG_WARN_OBJC_ROOT_CLASS = YES_ERROR;
				CLANG_WARN_QUOTED_INCLUDE_IN_FRAMEWORK_HEADER = YES;
				CLANG_WARN_RANGE_LOOP_ANALYSIS = YES;
				CLANG_WARN_STRICT_PROTOTYPES = YES;
				CLANG_WARN_SUSPICIOUS_MOVE = YES;
				CLANG_WARN_UNGUARDED_AVAILABILITY = YES_AGGRESSIVE;
				CLANG_WARN_UNREACHABLE_CODE = YES;
				CLANG_WARN__DUPLICATE_METHOD_MATCH = YES;
				COPY_PHASE_STRIP = NO;
				DEBUG_INFORMATION_FORMAT = dwarf;
				ENABLE_STRICT_OBJC_MSGSEND = YES;
				ENABLE_TESTABILITY = YES;
				GCC_C_LANGUAGE_STANDARD = gnu11;
				GCC_DYNAMIC_NO_PIC = NO;
				GCC_NO_COMMON_BLOCKS = YES;
				GCC_OPTIMIZATION_LEVEL = 0;
				GCC_PREPROCESSOR_DEFINITIONS = (
					"DEBUG=1",
					"$(inherited)",
				);
				GCC_WARN_64_TO_32_BIT_CONVERSION = YES;
				GCC_WARN_ABOUT_RETURN_TYPE = YES_ERROR;
				GCC_WARN_UNDECLARED_SELECTOR = YES;
				GCC_WARN_UNINITIALIZED_AUTOS = YES_AGGRESSIVE;
				GCC_WARN_UNUSED_FUNCTION = YES;
				GCC_WARN_UNUSED_VARIABLE = YES;
				IPHONEOS_DEPLOYMENT_TARGET = 15.2;
				MTL_ENABLE_DEBUG_INFO = INCLUDE_SOURCE;
				MTL_FAST_MATH = YES;
				ONLY_ACTIVE_ARCH = YES;
				SDKROOT = iphoneos;
				SWIFT_ACTIVE_COMPILATION_CONDITIONS = DEBUG;
				SWIFT_OPTIMIZATION_LEVEL = "-Onone";
			};
			name = Debug;
		};
		63E87DD327B0147F00EE5B74 /* Release */ = {
			isa = XCBuildConfiguration;
			buildSettings = {
				ALWAYS_SEARCH_USER_PATHS = NO;
				CLANG_ANALYZER_NONNULL = YES;
				CLANG_ANALYZER_NUMBER_OBJECT_CONVERSION = YES_AGGRESSIVE;
				CLANG_CXX_LANGUAGE_STANDARD = "gnu++17";
				CLANG_CXX_LIBRARY = "libc++";
				CLANG_ENABLE_MODULES = YES;
				CLANG_ENABLE_OBJC_ARC = YES;
				CLANG_ENABLE_OBJC_WEAK = YES;
				CLANG_WARN_BLOCK_CAPTURE_AUTORELEASING = YES;
				CLANG_WARN_BOOL_CONVERSION = YES;
				CLANG_WARN_COMMA = YES;
				CLANG_WARN_CONSTANT_CONVERSION = YES;
				CLANG_WARN_DEPRECATED_OBJC_IMPLEMENTATIONS = YES;
				CLANG_WARN_DIRECT_OBJC_ISA_USAGE = YES_ERROR;
				CLANG_WARN_DOCUMENTATION_COMMENTS = YES;
				CLANG_WARN_EMPTY_BODY = YES;
				CLANG_WARN_ENUM_CONVERSION = YES;
				CLANG_WARN_INFINITE_RECURSION = YES;
				CLANG_WARN_INT_CONVERSION = YES;
				CLANG_WARN_NON_LITERAL_NULL_CONVERSION = YES;
				CLANG_WARN_OBJC_IMPLICIT_RETAIN_SELF = YES;
				CLANG_WARN_OBJC_LITERAL_CONVERSION = YES;
				CLANG_WARN_OBJC_ROOT_CLASS = YES_ERROR;
				CLANG_WARN_QUOTED_INCLUDE_IN_FRAMEWORK_HEADER = YES;
				CLANG_WARN_RANGE_LOOP_ANALYSIS = YES;
				CLANG_WARN_STRICT_PROTOTYPES = YES;
				CLANG_WARN_SUSPICIOUS_MOVE = YES;
				CLANG_WARN_UNGUARDED_AVAILABILITY = YES_AGGRESSIVE;
				CLANG_WARN_UNREACHABLE_CODE = YES;
				CLANG_WARN__DUPLICATE_METHOD_MATCH = YES;
				COPY_PHASE_STRIP = NO;
				DEBUG_INFORMATION_FORMAT = "dwarf-with-dsym";
				ENABLE_NS_ASSERTIONS = NO;
				ENABLE_STRICT_OBJC_MSGSEND = YES;
				GCC_C_LANGUAGE_STANDARD = gnu11;
				GCC_NO_COMMON_BLOCKS = YES;
				GCC_WARN_64_TO_32_BIT_CONVERSION = YES;
				GCC_WARN_ABOUT_RETURN_TYPE = YES_ERROR;
				GCC_WARN_UNDECLARED_SELECTOR = YES;
				GCC_WARN_UNINITIALIZED_AUTOS = YES_AGGRESSIVE;
				GCC_WARN_UNUSED_FUNCTION = YES;
				GCC_WARN_UNUSED_VARIABLE = YES;
				IPHONEOS_DEPLOYMENT_TARGET = 15.2;
				MTL_ENABLE_DEBUG_INFO = NO;
				MTL_FAST_MATH = YES;
				SDKROOT = iphoneos;
				SWIFT_COMPILATION_MODE = wholemodule;
				SWIFT_OPTIMIZATION_LEVEL = "-O";
				VALIDATE_PRODUCT = YES;
			};
			name = Release;
		};
		63E87DD527B0147F00EE5B74 /* Debug */ = {
			isa = XCBuildConfiguration;
			buildSettings = {
				ASSETCATALOG_COMPILER_APPICON_NAME = AppIcon;
				ASSETCATALOG_COMPILER_GLOBAL_ACCENT_COLOR_NAME = AccentColor;
				CODE_SIGN_STYLE = Automatic;
				CURRENT_PROJECT_VERSION = 1;
				DEVELOPMENT_TEAM = 5C27T948F5;
				GENERATE_INFOPLIST_FILE = YES;
				INFOPLIST_FILE = KodeTestApp/SupportingFiles/Info.plist;
				INFOPLIST_KEY_UIApplicationSupportsIndirectInputEvents = YES;
				INFOPLIST_KEY_UILaunchStoryboardName = LaunchScreen;
				INFOPLIST_KEY_UIMainStoryboardFile = "";
				INFOPLIST_KEY_UISupportedInterfaceOrientations_iPad = "UIInterfaceOrientationPortrait UIInterfaceOrientationPortraitUpsideDown UIInterfaceOrientationLandscapeLeft UIInterfaceOrientationLandscapeRight";
				INFOPLIST_KEY_UISupportedInterfaceOrientations_iPhone = "UIInterfaceOrientationPortrait UIInterfaceOrientationLandscapeLeft UIInterfaceOrientationLandscapeRight";
				LD_RUNPATH_SEARCH_PATHS = (
					"$(inherited)",
					"@executable_path/Frameworks",
				);
				MARKETING_VERSION = 1.0;
				PRODUCT_BUNDLE_IDENTIFIER = georgepopandopulo.KodeTestApp;
				PRODUCT_NAME = "$(TARGET_NAME)";
				SWIFT_EMIT_LOC_STRINGS = YES;
				SWIFT_VERSION = 5.0;
				TARGETED_DEVICE_FAMILY = "1,2";
			};
			name = Debug;
		};
		63E87DD627B0147F00EE5B74 /* Release */ = {
			isa = XCBuildConfiguration;
			buildSettings = {
				ASSETCATALOG_COMPILER_APPICON_NAME = AppIcon;
				ASSETCATALOG_COMPILER_GLOBAL_ACCENT_COLOR_NAME = AccentColor;
				CODE_SIGN_STYLE = Automatic;
				CURRENT_PROJECT_VERSION = 1;
				DEVELOPMENT_TEAM = 5C27T948F5;
				GENERATE_INFOPLIST_FILE = YES;
				INFOPLIST_FILE = KodeTestApp/SupportingFiles/Info.plist;
				INFOPLIST_KEY_UIApplicationSupportsIndirectInputEvents = YES;
				INFOPLIST_KEY_UILaunchStoryboardName = LaunchScreen;
				INFOPLIST_KEY_UIMainStoryboardFile = "";
				INFOPLIST_KEY_UISupportedInterfaceOrientations_iPad = "UIInterfaceOrientationPortrait UIInterfaceOrientationPortraitUpsideDown UIInterfaceOrientationLandscapeLeft UIInterfaceOrientationLandscapeRight";
				INFOPLIST_KEY_UISupportedInterfaceOrientations_iPhone = "UIInterfaceOrientationPortrait UIInterfaceOrientationLandscapeLeft UIInterfaceOrientationLandscapeRight";
				LD_RUNPATH_SEARCH_PATHS = (
					"$(inherited)",
					"@executable_path/Frameworks",
				);
				MARKETING_VERSION = 1.0;
				PRODUCT_BUNDLE_IDENTIFIER = georgepopandopulo.KodeTestApp;
				PRODUCT_NAME = "$(TARGET_NAME)";
				SWIFT_EMIT_LOC_STRINGS = YES;
				SWIFT_VERSION = 5.0;
				TARGETED_DEVICE_FAMILY = "1,2";
			};
			name = Release;
		};
/* End XCBuildConfiguration section */

/* Begin XCConfigurationList section */
		63E87DBB27B0147E00EE5B74 /* Build configuration list for PBXProject "KodeTestApp" */ = {
			isa = XCConfigurationList;
			buildConfigurations = (
				63E87DD227B0147F00EE5B74 /* Debug */,
				63E87DD327B0147F00EE5B74 /* Release */,
			);
			defaultConfigurationIsVisible = 0;
			defaultConfigurationName = Release;
		};
		63E87DD427B0147F00EE5B74 /* Build configuration list for PBXNativeTarget "KodeTestApp" */ = {
			isa = XCConfigurationList;
			buildConfigurations = (
				63E87DD527B0147F00EE5B74 /* Debug */,
				63E87DD627B0147F00EE5B74 /* Release */,
			);
			defaultConfigurationIsVisible = 0;
			defaultConfigurationName = Release;
		};
/* End XCConfigurationList section */

/* Begin XCRemoteSwiftPackageReference section */
		635ED0B427B2C83100B8F178 /* XCRemoteSwiftPackageReference "SnapKit" */ = {
			isa = XCRemoteSwiftPackageReference;
			repositoryURL = "https://github.com/SnapKit/SnapKit";
			requirement = {
				kind = upToNextMajorVersion;
				minimumVersion = 5.0.0;
			};
		};
/* End XCRemoteSwiftPackageReference section */

/* Begin XCSwiftPackageProductDependency section */
		635ED0B527B2C83100B8F178 /* SnapKit */ = {
			isa = XCSwiftPackageProductDependency;
			package = 635ED0B427B2C83100B8F178 /* XCRemoteSwiftPackageReference "SnapKit" */;
			productName = SnapKit;
		};
/* End XCSwiftPackageProductDependency section */
	};
	rootObject = 63E87DB827B0147E00EE5B74 /* Project object */;
}
